
Microsoft Visual Studio Solution File, Format Version 12.00
# Visual Studio 15
VisualStudioVersion = 15.0.28307.421
MinimumVisualStudioVersion = 10.0.40219.1
Project("{FAE04EC0-301F-11D3-BF4B-00C04F79EFBC}") = "KarlaR_300997958", "KarlaR_300997958\KarlaR_300997958.csproj", "{D6AA2ABA-65C7-4AFA-A8A8-F2C7523D70DF}"
EndProject
Global
	GlobalSection(SolutionConfigurationPlatforms) = preSolution
		Debug|Any CPU = Debug|Any CPU
		Release|Any CPU = Release|Any CPU
	EndGlobalSection
	GlobalSection(ProjectConfigurationPlatforms) = postSolution
		{D6AA2ABA-65C7-4AFA-A8A8-F2C7523D70DF}.Debug|Any CPU.ActiveCfg = Debug|Any CPU
		{D6AA2ABA-65C7-4AFA-A8A8-F2C7523D70DF}.Debug|Any CPU.Build.0 = Debug|Any CPU
		{D6AA2ABA-65C7-4AFA-A8A8-F2C7523D70DF}.Release|Any CPU.ActiveCfg = Release|Any CPU
		{D6AA2ABA-65C7-4AFA-A8A8-F2C7523D70DF}.Release|Any CPU.Build.0 = Release|Any CPU
	EndGlobalSection
	GlobalSection(SolutionProperties) = preSolution
		HideSolutionNode = FALSE
	EndGlobalSection
	GlobalSection(ExtensibilityGlobals) = postSolution
		SolutionGuid = {71574073-0A57-456F-BE33-9B30B70D9F3C}
	EndGlobalSection
EndGlobal
